// !$*UTF8*$!
{
	archiveVersion = 1;
	classes = {
	};
	objectVersion = 55;
	objects = {

/* Begin PBXBuildFile section */
		EF7836252827142B00523E96 /* AppDelegate.swift in Sources */ = {isa = PBXBuildFile; fileRef = EF7836242827142B00523E96 /* AppDelegate.swift */; };
		EF7836272827142B00523E96 /* SceneDelegate.swift in Sources */ = {isa = PBXBuildFile; fileRef = EF7836262827142B00523E96 /* SceneDelegate.swift */; };
		EF7836292827142B00523E96 /* WelcomeVC.swift in Sources */ = {isa = PBXBuildFile; fileRef = EF7836282827142B00523E96 /* WelcomeVC.swift */; };
		EF78362C2827142B00523E96 /* Main.storyboard in Resources */ = {isa = PBXBuildFile; fileRef = EF78362A2827142B00523E96 /* Main.storyboard */; };
		EF78362E2827142E00523E96 /* Assets.xcassets in Resources */ = {isa = PBXBuildFile; fileRef = EF78362D2827142E00523E96 /* Assets.xcassets */; };
		EF7836312827142E00523E96 /* LaunchScreen.storyboard in Resources */ = {isa = PBXBuildFile; fileRef = EF78362F2827142E00523E96 /* LaunchScreen.storyboard */; };
		EF78363A282716D800523E96 /* BorderButton.swift in Sources */ = {isa = PBXBuildFile; fileRef = EF783639282716D800523E96 /* BorderButton.swift */; };
		EF78363E282AA0C300523E96 /* LeagueVC.swift in Sources */ = {isa = PBXBuildFile; fileRef = EF78363D282AA0C300523E96 /* LeagueVC.swift */; };
		EF783640282AA0DD00523E96 /* SkillVC.swift in Sources */ = {isa = PBXBuildFile; fileRef = EF78363F282AA0DD00523E96 /* SkillVC.swift */; };
		EF783642282AB04000523E96 /* Player.swift in Sources */ = {isa = PBXBuildFile; fileRef = EF783641282AB04000523E96 /* Player.swift */; };
/* End PBXBuildFile section */

/* Begin PBXFileReference section */
		EF7836212827142B00523E96 /* app_swoosh2.app */ = {isa = PBXFileReference; explicitFileType = wrapper.application; includeInIndex = 0; path = app_swoosh2.app; sourceTree = BUILT_PRODUCTS_DIR; };
		EF7836242827142B00523E96 /* AppDelegate.swift */ = {isa = PBXFileReference; lastKnownFileType = sourcecode.swift; path = AppDelegate.swift; sourceTree = "<group>"; };
		EF7836262827142B00523E96 /* SceneDelegate.swift */ = {isa = PBXFileReference; lastKnownFileType = sourcecode.swift; path = SceneDelegate.swift; sourceTree = "<group>"; };
		EF7836282827142B00523E96 /* WelcomeVC.swift */ = {isa = PBXFileReference; lastKnownFileType = sourcecode.swift; path = WelcomeVC.swift; sourceTree = "<group>"; };
		EF78362B2827142B00523E96 /* Base */ = {isa = PBXFileReference; lastKnownFileType = file.storyboard; name = Base; path = Base.lproj/Main.storyboard; sourceTree = "<group>"; };
		EF78362D2827142E00523E96 /* Assets.xcassets */ = {isa = PBXFileReference; lastKnownFileType = folder.assetcatalog; path = Assets.xcassets; sourceTree = "<group>"; };
		EF7836302827142E00523E96 /* Base */ = {isa = PBXFileReference; lastKnownFileType = file.storyboard; name = Base; path = Base.lproj/LaunchScreen.storyboard; sourceTree = "<group>"; };
		EF7836322827142E00523E96 /* Info.plist */ = {isa = PBXFileReference; lastKnownFileType = text.plist.xml; path = Info.plist; sourceTree = "<group>"; };
		EF783639282716D800523E96 /* BorderButton.swift */ = {isa = PBXFileReference; lastKnownFileType = sourcecode.swift; path = BorderButton.swift; sourceTree = "<group>"; };
		EF78363D282AA0C300523E96 /* LeagueVC.swift */ = {isa = PBXFileReference; lastKnownFileType = sourcecode.swift; path = LeagueVC.swift; sourceTree = "<group>"; };
		EF78363F282AA0DD00523E96 /* SkillVC.swift */ = {isa = PBXFileReference; lastKnownFileType = sourcecode.swift; path = SkillVC.swift; sourceTree = "<group>"; };
		EF783641282AB04000523E96 /* Player.swift */ = {isa = PBXFileReference; lastKnownFileType = sourcecode.swift; path = Player.swift; sourceTree = "<group>"; };
/* End PBXFileReference section */

/* Begin PBXFrameworksBuildPhase section */
		EF78361E2827142B00523E96 /* Frameworks */ = {
			isa = PBXFrameworksBuildPhase;
			buildActionMask = 2147483647;
			files = (
			);
			runOnlyForDeploymentPostprocessing = 0;
		};
/* End PBXFrameworksBuildPhase section */

/* Begin PBXGroup section */
		EF7836182827142B00523E96 = {
			isa = PBXGroup;
			children = (
				EF7836232827142B00523E96 /* app_swoosh2 */,
				EF7836222827142B00523E96 /* Products */,
			);
			sourceTree = "<group>";
		};
		EF7836222827142B00523E96 /* Products */ = {
			isa = PBXGroup;
			children = (
				EF7836212827142B00523E96 /* app_swoosh2.app */,
			);
			name = Products;
			sourceTree = "<group>";
		};
		EF7836232827142B00523E96 /* app_swoosh2 */ = {
			isa = PBXGroup;
			children = (
				EF78363C282A9CD700523E96 /* Model */,
				EF78363B282A9CCC00523E96 /* Controller */,
				EF783638282716A700523E96 /* View */,
				EF7836242827142B00523E96 /* AppDelegate.swift */,
				EF7836262827142B00523E96 /* SceneDelegate.swift */,
				EF78362A2827142B00523E96 /* Main.storyboard */,
				EF78362D2827142E00523E96 /* Assets.xcassets */,
				EF78362F2827142E00523E96 /* LaunchScreen.storyboard */,
				EF7836322827142E00523E96 /* Info.plist */,
			);
			path = app_swoosh2;
			sourceTree = "<group>";
		};
		EF783638282716A700523E96 /* View */ = {
			isa = PBXGroup;
			children = (
				EF783639282716D800523E96 /* BorderButton.swift */,
			);
			path = View;
			sourceTree = "<group>";
		};
		EF78363B282A9CCC00523E96 /* Controller */ = {
			isa = PBXGroup;
			children = (
				EF7836282827142B00523E96 /* WelcomeVC.swift */,
				EF78363D282AA0C300523E96 /* LeagueVC.swift */,
				EF78363F282AA0DD00523E96 /* SkillVC.swift */,
			);
			path = Controller;
			sourceTree = "<group>";
		};
		EF78363C282A9CD700523E96 /* Model */ = {
			isa = PBXGroup;
			children = (
				EF783641282AB04000523E96 /* Player.swift */,
			);
			path = Model;
			sourceTree = "<group>";
		};
/* End PBXGroup section */

/* Begin PBXNativeTarget section */
		EF7836202827142B00523E96 /* app_swoosh2 */ = {
			isa = PBXNativeTarget;
			buildConfigurationList = EF7836352827142E00523E96 /* Build configuration list for PBXNativeTarget "app_swoosh2" */;
			buildPhases = (
				EF78361D2827142B00523E96 /* Sources */,
				EF78361E2827142B00523E96 /* Frameworks */,
				EF78361F2827142B00523E96 /* Resources */,
			);
			buildRules = (
			);
			dependencies = (
			);
			name = app_swoosh2;
			productName = app_swoosh2;
			productReference = EF7836212827142B00523E96 /* app_swoosh2.app */;
			productType = "com.apple.product-type.application";
		};
/* End PBXNativeTarget section */

/* Begin PBXProject section */
		EF7836192827142B00523E96 /* Project object */ = {
			isa = PBXProject;
			attributes = {
				BuildIndependentTargetsInParallel = 1;
				LastSwiftUpdateCheck = 1330;
				LastUpgradeCheck = 1330;
				TargetAttributes = {
					EF7836202827142B00523E96 = {
						CreatedOnToolsVersion = 13.3.1;
					};
				};
			};
			buildConfigurationList = EF78361C2827142B00523E96 /* Build configuration list for PBXProject "app_swoosh2" */;
			compatibilityVersion = "Xcode 13.0";
			developmentRegion = en;
			hasScannedForEncodings = 0;
			knownRegions = (
				en,
				Base,
			);
			mainGroup = EF7836182827142B00523E96;
			productRefGroup = EF7836222827142B00523E96 /* Products */;
			projectDirPath = "";
			projectRoot = "";
			targets = (
				EF7836202827142B00523E96 /* app_swoosh2 */,
			);
		};
/* End PBXProject section */

/* Begin PBXResourcesBuildPhase section */
		EF78361F2827142B00523E96 /* Resources */ = {
			isa = PBXResourcesBuildPhase;
			buildActionMask = 2147483647;
			files = (
				EF7836312827142E00523E96 /* LaunchScreen.storyboard in Resources */,
				EF78362E2827142E00523E96 /* Assets.xcassets in Resources */,
				EF78362C2827142B00523E96 /* Main.storyboard in Resources */,
			);
			runOnlyForDeploymentPostprocessing = 0;
		};
/* End PBXResourcesBuildPhase section */

/* Begin PBXSourcesBuildPhase section */
		EF78361D2827142B00523E96 /* Sources */ = {
			isa = PBXSourcesBuildPhase;
			buildActionMask = 2147483647;
			files = (
				EF78363E282AA0C300523E96 /* LeagueVC.swift in Sources */,
				EF7836292827142B00523E96 /* WelcomeVC.swift in Sources */,
				EF7836252827142B00523E96 /* AppDelegate.swift in Sources */,
				EF7836272827142B00523E96 /* SceneDelegate.swift in Sources */,
				EF783642282AB04000523E96 /* Player.swift in Sources */,
				EF783640282AA0DD00523E96 /* SkillVC.swift in Sources */,
				EF78363A282716D800523E96 /* BorderButton.swift in Sources */,
			);
			runOnlyForDeploymentPostprocessing = 0;
		};
/* End PBXSourcesBuildPhase section */

/* Begin PBXVariantGroup section */
		EF78362A2827142B00523E96 /* Main.storyboard */ = {
			isa = PBXVariantGroup;
			children = (
				EF78362B2827142B00523E96 /* Base */,
			);
			name = Main.storyboard;
			sourceTree = "<group>";
		};
		EF78362F2827142E00523E96 /* LaunchScreen.storyboard */ = {
			isa = PBXVariantGroup;
			children = (
				EF7836302827142E00523E96 /* Base */,
			);
			name = LaunchScreen.storyboard;
			sourceTree = "<group>";
		};
/* End PBXVariantGroup section */

/* Begin XCBuildConfiguration section */
		EF7836332827142E00523E96 /* Debug */ = {
			isa = XCBuildConfiguration;
			buildSettings = {
				ALWAYS_SEARCH_USER_PATHS = NO;
				CLANG_ANALYZER_NONNULL = YES;
				CLANG_ANALYZER_NUMBER_OBJECT_CONVERSION = YES_AGGRESSIVE;
				CLANG_CXX_LANGUAGE_STANDARD = "gnu++17";
				CLANG_ENABLE_MODULES = YES;
				CLANG_ENABLE_OBJC_ARC = YES;
				CLANG_ENABLE_OBJC_WEAK = YES;
				CLANG_WARN_BLOCK_CAPTURE_AUTORELEASING = YES;
				CLANG_WARN_BOOL_CONVERSION = YES;
				CLANG_WARN_COMMA = YES;
				CLANG_WARN_CONSTANT_CONVERSION = YES;
				CLANG_WARN_DEPRECATED_OBJC_IMPLEMENTATIONS = YES;
				CLANG_WARN_DIRECT_OBJC_ISA_USAGE = YES_ERROR;
				CLANG_WARN_DOCUMENTATION_COMMENTS = YES;
				CLANG_WARN_EMPTY_BODY = YES;
				CLANG_WARN_ENUM_CONVERSION = YES;
				CLANG_WARN_INFINITE_RECURSION = YES;
				CLANG_WARN_INT_CONVERSION = YES;
				CLANG_WARN_NON_LITERAL_NULL_CONVERSION = YES;
				CLANG_WARN_OBJC_IMPLICIT_RETAIN_SELF = YES;
				CLANG_WARN_OBJC_LITERAL_CONVERSION = YES;
				CLANG_WARN_OBJC_ROOT_CLASS = YES_ERROR;
				CLANG_WARN_QUOTED_INCLUDE_IN_FRAMEWORK_HEADER = YES;
				CLANG_WARN_RANGE_LOOP_ANALYSIS = YES;
				CLANG_WARN_STRICT_PROTOTYPES = YES;
				CLANG_WARN_SUSPICIOUS_MOVE = YES;
				CLANG_WARN_UNGUARDED_AVAILABILITY = YES_AGGRESSIVE;
				CLANG_WARN_UNREACHABLE_CODE = YES;
				CLANG_WARN__DUPLICATE_METHOD_MATCH = YES;
				COPY_PHASE_STRIP = NO;
				DEBUG_INFORMATION_FORMAT = dwarf;
				ENABLE_STRICT_OBJC_MSGSEND = YES;
				ENABLE_TESTABILITY = YES;
				GCC_C_LANGUAGE_STANDARD = gnu11;
				GCC_DYNAMIC_NO_PIC = NO;
				GCC_NO_COMMON_BLOCKS = YES;
				GCC_OPTIMIZATION_LEVEL = 0;
				GCC_PREPROCESSOR_DEFINITIONS = (
					"DEBUG=1",
					"$(inherited)",
				);
				GCC_WARN_64_TO_32_BIT_CONVERSION = YES;
				GCC_WARN_ABOUT_RETURN_TYPE = YES_ERROR;
				GCC_WARN_UNDECLARED_SELECTOR = YES;
				GCC_WARN_UNINITIALIZED_AUTOS = YES_AGGRESSIVE;
				GCC_WARN_UNUSED_FUNCTION = YES;
				GCC_WARN_UNUSED_VARIABLE = YES;
				IPHONEOS_DEPLOYMENT_TARGET = 15.4;
				MTL_ENABLE_DEBUG_INFO = INCLUDE_SOURCE;
				MTL_FAST_MATH = YES;
				ONLY_ACTIVE_ARCH = YES;
				SDKROOT = iphoneos;
				SWIFT_ACTIVE_COMPILATION_CONDITIONS = DEBUG;
				SWIFT_OPTIMIZATION_LEVEL = "-Onone";
			};
			name = Debug;
		};
		EF7836342827142E00523E96 /* Release */ = {
			isa = XCBuildConfiguration;
			buildSettings = {
				ALWAYS_SEARCH_USER_PATHS = NO;
				CLANG_ANALYZER_NONNULL = YES;
				CLANG_ANALYZER_NUMBER_OBJECT_CONVERSION = YES_AGGRESSIVE;
				CLANG_CXX_LANGUAGE_STANDARD = "gnu++17";
				CLANG_ENABLE_MODULES = YES;
				CLANG_ENABLE_OBJC_ARC = YES;
				CLANG_ENABLE_OBJC_WEAK = YES;
				CLANG_WARN_BLOCK_CAPTURE_AUTORELEASING = YES;
				CLANG_WARN_BOOL_CONVERSION = YES;
				CLANG_WARN_COMMA = YES;
				CLANG_WARN_CONSTANT_CONVERSION = YES;
				CLANG_WARN_DEPRECATED_OBJC_IMPLEMENTATIONS = YES;
				CLANG_WARN_DIRECT_OBJC_ISA_USAGE = YES_ERROR;
				CLANG_WARN_DOCUMENTATION_COMMENTS = YES;
				CLANG_WARN_EMPTY_BODY = YES;
				CLANG_WARN_ENUM_CONVERSION = YES;
				CLANG_WARN_INFINITE_RECURSION = YES;
				CLANG_WARN_INT_CONVERSION = YES;
				CLANG_WARN_NON_LITERAL_NULL_CONVERSION = YES;
				CLANG_WARN_OBJC_IMPLICIT_RETAIN_SELF = YES;
				CLANG_WARN_OBJC_LITERAL_CONVERSION = YES;
				CLANG_WARN_OBJC_ROOT_CLASS = YES_ERROR;
				CLANG_WARN_QUOTED_INCLUDE_IN_FRAMEWORK_HEADER = YES;
				CLANG_WARN_RANGE_LOOP_ANALYSIS = YES;
				CLANG_WARN_STRICT_PROTOTYPES = YES;
				CLANG_WARN_SUSPICIOUS_MOVE = YES;
				CLANG_WARN_UNGUARDED_AVAILABILITY = YES_AGGRESSIVE;
				CLANG_WARN_UNREACHABLE_CODE = YES;
				CLANG_WARN__DUPLICATE_METHOD_MATCH = YES;
				COPY_PHASE_STRIP = NO;
				DEBUG_INFORMATION_FORMAT = "dwarf-with-dsym";
				ENABLE_NS_ASSERTIONS = NO;
				ENABLE_STRICT_OBJC_MSGSEND = YES;
				GCC_C_LANGUAGE_STANDARD = gnu11;
				GCC_NO_COMMON_BLOCKS = YES;
				GCC_WARN_64_TO_32_BIT_CONVERSION = YES;
				GCC_WARN_ABOUT_RETURN_TYPE = YES_ERROR;
				GCC_WARN_UNDECLARED_SELECTOR = YES;
				GCC_WARN_UNINITIALIZED_AUTOS = YES_AGGRESSIVE;
				GCC_WARN_UNUSED_FUNCTION = YES;
				GCC_WARN_UNUSED_VARIABLE = YES;
				IPHONEOS_DEPLOYMENT_TARGET = 15.4;
				MTL_ENABLE_DEBUG_INFO = NO;
				MTL_FAST_MATH = YES;
				SDKROOT = iphoneos;
				SWIFT_COMPILATION_MODE = wholemodule;
				SWIFT_OPTIMIZATION_LEVEL = "-O";
				VALIDATE_PRODUCT = YES;
			};
			name = Release;
		};
		EF7836362827142E00523E96 /* Debug */ = {
			isa = XCBuildConfiguration;
			buildSettings = {
				ASSETCATALOG_COMPILER_APPICON_NAME = AppIcon;
				ASSETCATALOG_COMPILER_GLOBAL_ACCENT_COLOR_NAME = AccentColor;
				CODE_SIGN_STYLE = Automatic;
				CURRENT_PROJECT_VERSION = 1;
				DEVELOPMENT_TEAM = JWJXRX98SF;
				GENERATE_INFOPLIST_FILE = YES;
				INFOPLIST_FILE = app_swoosh2/Info.plist;
				INFOPLIST_KEY_UIApplicationSupportsIndirectInputEvents = YES;
				INFOPLIST_KEY_UILaunchStoryboardName = LaunchScreen;
				INFOPLIST_KEY_UIMainStoryboardFile = Main;
				INFOPLIST_KEY_UISupportedInterfaceOrientations_iPad = "UIInterfaceOrientationPortrait UIInterfaceOrientationPortraitUpsideDown UIInterfaceOrientationLandscapeLeft UIInterfaceOrientationLandscapeRight";
				INFOPLIST_KEY_UISupportedInterfaceOrientations_iPhone = "UIInterfaceOrientationPortrait UIInterfaceOrientationLandscapeLeft UIInterfaceOrientationLandscapeRight";
				LD_RUNPATH_SEARCH_PATHS = (
					"$(inherited)",
					"@executable_path/Frameworks",
				);
				MARKETING_VERSION = 1.0;
				PRODUCT_BUNDLE_IDENTIFIER = "less2.app-swoosh2";
				PRODUCT_NAME = "$(TARGET_NAME)";
				SWIFT_EMIT_LOC_STRINGS = YES;
				SWIFT_VERSION = 5.0;
				TARGETED_DEVICE_FAMILY = "1,2";
			};
			name = Debug;
		};
		EF7836372827142E00523E96 /* Release */ = {
			isa = XCBuildConfiguration;
			buildSettings = {
				ASSETCATALOG_COMPILER_APPICON_NAME = AppIcon;
				ASSETCATALOG_COMPILER_GLOBAL_ACCENT_COLOR_NAME = AccentColor;
				CODE_SIGN_STYLE = Automatic;
				CURRENT_PROJECT_VERSION = 1;
				DEVELOPMENT_TEAM = JWJXRX98SF;
				GENERATE_INFOPLIST_FILE = YES;
				INFOPLIST_FILE = app_swoosh2/Info.plist;
				INFOPLIST_KEY_UIApplicationSupportsIndirectInputEvents = YES;
				INFOPLIST_KEY_UILaunchStoryboardName = LaunchScreen;
				INFOPLIST_KEY_UIMainStoryboardFile = Main;
				INFOPLIST_KEY_UISupportedInterfaceOrientations_iPad = "UIInterfaceOrientationPortrait UIInterfaceOrientationPortraitUpsideDown UIInterfaceOrientationLandscapeLeft UIInterfaceOrientationLandscapeRight";
				INFOPLIST_KEY_UISupportedInterfaceOrientations_iPhone = "UIInterfaceOrientationPortrait UIInterfaceOrientationLandscapeLeft UIInterfaceOrientationLandscapeRight";
				LD_RUNPATH_SEARCH_PATHS = (
					"$(inherited)",
					"@executable_path/Frameworks",
				);
				MARKETING_VERSION = 1.0;
				PRODUCT_BUNDLE_IDENTIFIER = "less2.app-swoosh2";
				PRODUCT_NAME = "$(TARGET_NAME)";
				SWIFT_EMIT_LOC_STRINGS = YES;
				SWIFT_VERSION = 5.0;
				TARGETED_DEVICE_FAMILY = "1,2";
			};
			name = Release;
		};
/* End XCBuildConfiguration section */

/* Begin XCConfigurationList section */
		EF78361C2827142B00523E96 /* Build configuration list for PBXProject "app_swoosh2" */ = {
			isa = XCConfigurationList;
			buildConfigurations = (
				EF7836332827142E00523E96 /* Debug */,
				EF7836342827142E00523E96 /* Release */,
			);
			defaultConfigurationIsVisible = 0;
			defaultConfigurationName = Release;
		};
		EF7836352827142E00523E96 /* Build configuration list for PBXNativeTarget "app_swoosh2" */ = {
			isa = XCConfigurationList;
			buildConfigurations = (
				EF7836362827142E00523E96 /* Debug */,
				EF7836372827142E00523E96 /* Release */,
			);
			defaultConfigurationIsVisible = 0;
			defaultConfigurationName = Release;
		};
/* End XCConfigurationList section */
	};
	rootObject = EF7836192827142B00523E96 /* Project object */;
}
